
Microsoft Visual Studio Solution File, Format Version 12.00
# Visual Studio Version 16
VisualStudioVersion = 16.0.30225.117
MinimumVisualStudioVersion = 10.0.40219.1
Project("{FAE04EC0-301F-11D3-BF4B-00C04F79EFBC}") = "Imoveis.API", "src\Imoveis.API\Imoveis.API.csproj", "{B788BAA5-62B7-44EF-8CB3-58CFEC4C91FA}"
EndProject
Project("{FAE04EC0-301F-11D3-BF4B-00C04F79EFBC}") = "Imoveis.Business", "src\Imoveis.Business\Imoveis.Business.csproj", "{2917A19F-8E62-485D-BA35-021F5182703A}"
EndProject
Project("{FAE04EC0-301F-11D3-BF4B-00C04F79EFBC}") = "Imoveis.Data", "src\Imoveis.Data\Imoveis.Data.csproj", "{40077253-C465-4AEE-9119-563093AF7BA3}"
EndProject
Global
	GlobalSection(SolutionConfigurationPlatforms) = preSolution
		Debug|Any CPU = Debug|Any CPU
		Release|Any CPU = Release|Any CPU
	EndGlobalSection
	GlobalSection(ProjectConfigurationPlatforms) = postSolution
		{B788BAA5-62B7-44EF-8CB3-58CFEC4C91FA}.Debug|Any CPU.ActiveCfg = Debug|Any CPU
		{B788BAA5-62B7-44EF-8CB3-58CFEC4C91FA}.Debug|Any CPU.Build.0 = Debug|Any CPU
		{B788BAA5-62B7-44EF-8CB3-58CFEC4C91FA}.Release|Any CPU.ActiveCfg = Release|Any CPU
		{B788BAA5-62B7-44EF-8CB3-58CFEC4C91FA}.Release|Any CPU.Build.0 = Release|Any CPU
		{2917A19F-8E62-485D-BA35-021F5182703A}.Debug|Any CPU.ActiveCfg = Debug|Any CPU
		{2917A19F-8E62-485D-BA35-021F5182703A}.Debug|Any CPU.Build.0 = Debug|Any CPU
		{2917A19F-8E62-485D-BA35-021F5182703A}.Release|Any CPU.ActiveCfg = Release|Any CPU
		{2917A19F-8E62-485D-BA35-021F5182703A}.Release|Any CPU.Build.0 = Release|Any CPU
		{40077253-C465-4AEE-9119-563093AF7BA3}.Debug|Any CPU.ActiveCfg = Debug|Any CPU
		{40077253-C465-4AEE-9119-563093AF7BA3}.Debug|Any CPU.Build.0 = Debug|Any CPU
		{40077253-C465-4AEE-9119-563093AF7BA3}.Release|Any CPU.ActiveCfg = Release|Any CPU
		{40077253-C465-4AEE-9119-563093AF7BA3}.Release|Any CPU.Build.0 = Release|Any CPU
	EndGlobalSection
	GlobalSection(SolutionProperties) = preSolution
		HideSolutionNode = FALSE
	EndGlobalSection
	GlobalSection(ExtensibilityGlobals) = postSolution
		SolutionGuid = {FF6E2705-60A0-442E-91AB-92A5620D4751}
	EndGlobalSection
EndGlobal
